
Microsoft Visual Studio Solution File, Format Version 12.00
# Visual Studio Version 17
VisualStudioVersion = 17.10.35013.160
MinimumVisualStudioVersion = 10.0.40219.1
Project("{FAE04EC0-301F-11D3-BF4B-00C04F79EFBC}") = "PharmacyApplication", "PharmacyApplication\PharmacyApplication.csproj", "{76B2E2B2-649F-4C3E-ABF4-D00F8205D8B8}"
EndProject
Global
	GlobalSection(SolutionConfigurationPlatforms) = preSolution
		Debug|Any CPU = Debug|Any CPU
		Release|Any CPU = Release|Any CPU
	EndGlobalSection
	GlobalSection(ProjectConfigurationPlatforms) = postSolution
		{76B2E2B2-649F-4C3E-ABF4-D00F8205D8B8}.Debug|Any CPU.ActiveCfg = Debug|Any CPU
		{76B2E2B2-649F-4C3E-ABF4-D00F8205D8B8}.Debug|Any CPU.Build.0 = Debug|Any CPU
		{76B2E2B2-649F-4C3E-ABF4-D00F8205D8B8}.Release|Any CPU.ActiveCfg = Release|Any CPU
		{76B2E2B2-649F-4C3E-ABF4-D00F8205D8B8}.Release|Any CPU.Build.0 = Release|Any CPU
	EndGlobalSection
	GlobalSection(SolutionProperties) = preSolution
		HideSolutionNode = FALSE
	EndGlobalSection
	GlobalSection(ExtensibilityGlobals) = postSolution
		SolutionGuid = {4067A0B8-B6FD-466E-BDD5-037AB14A1945}
	EndGlobalSection
EndGlobal
